{
  "version": 4,
  "terraform_version": "1.3.1",
  "serial": 3116,
  "lineage": "756fba76-b42d-d060-9b9f-2149a3a0660d",
  "outputs": {
    "cluster-name": {
      "value": "deepholm-staging",
      "type": "string"
    },
    "endpoint": {
      "value": "https://9729E3E9C38CC58F4097DE329AFAFA0D.sk1.us-west-1.eks.amazonaws.com",
      "type": "string"
    },
    "launch_template_name": {
      "value": "deepholm-staging",
      "type": "string"
    },
    "private_subnet_id": {
      "value": [
        "subnet-0f8b2017a82cbe9ab",
        "subnet-01958c788d9030dcc"
      ],
      "type": [
        "tuple",
        [
          "string",
          "string"
        ]
      ]
    },
    "public_subnet_id": {
      "value": [
        "subnet-0cc91c86e65109d38",
        "subnet-0b729df375ae3eaf2"
      ],
      "type": [
        "tuple",
        [
          "string",
          "string"
        ]
      ]
    },
    "vpc_network_id": {
      "value": "vpc-0fdcfef58ccf98c29",
      "type": "string"
    }
  },
  "resources": [
    {
      "mode": "data",
      "type": "aws_ami",
      "name": "bottlerocket_image",
      "provider": "provider[\"registry.terraform.io/hashicorp/aws\"]",
      "instances": [
        {
          "schema_version": 0,
          "attributes": {
            "architecture": "x86_64",
            "arn": "arn:aws:ec2:us-west-1::image/ami-0e702d86dbc78c791",
            "block_device_mappings": [
              {
                "device_name": "/dev/xvda",
                "ebs": {
                  "delete_on_termination": "true",
                  "encrypted": "false",
                  "iops": "0",
                  "snapshot_id": "snap-0bad48e653cd3f3e7",
                  "throughput": "0",
                  "volume_size": "2",
                  "volume_type": "gp2"
                },
                "no_device": "",
                "virtual_name": ""
              },
              {
                "device_name": "/dev/xvdb",
                "ebs": {
                  "delete_on_termination": "true",
                  "encrypted": "false",
                  "iops": "0",
                  "snapshot_id": "snap-0e8939eddeaf2ce7d",
                  "throughput": "0",
                  "volume_size": "20",
                  "volume_type": "gp2"
                },
                "no_device": "",
                "virtual_name": ""
              }
            ],
            "boot_mode": "",
            "creation_date": "2023-01-25T08:05:10.000Z",
            "deprecation_time": "2025-01-25T08:05:10.000Z",
            "description": "bottlerocket-aws-k8s-1.23-x86_64-v1.12.0-6ef1139f",
            "ena_support": true,
            "executable_users": null,
            "filter": [
              {
                "name": "image-id",
                "values": [
                  "ami-0e702d86dbc78c791"
                ]
              }
            ],
            "hypervisor": "xen",
            "id": "ami-0e702d86dbc78c791",
            "image_id": "ami-0e702d86dbc78c791",
            "image_location": "amazon/bottlerocket-aws-k8s-1.23-x86_64-v1.12.0-6ef1139f",
            "image_owner_alias": "amazon",
            "image_type": "machine",
            "include_deprecated": false,
            "kernel_id": "",
            "most_recent": false,
            "name": "bottlerocket-aws-k8s-1.23-x86_64-v1.12.0-6ef1139f",
            "name_regex": null,
            "owner_id": "724952271658",
            "owners": [
              "amazon"
            ],
            "platform": "",
            "platform_details": "Linux/UNIX",
            "product_codes": [],
            "public": true,
            "ramdisk_id": "",
            "root_device_name": "/dev/xvda",
            "root_device_type": "ebs",
            "root_snapshot_id": "snap-0bad48e653cd3f3e7",
            "sriov_net_support": "simple",
            "state": "available",
            "state_reason": {
              "code": "UNSET",
              "message": "UNSET"
            },
            "tags": {},
            "timeouts": null,
            "tpm_support": "",
            "usage_operation": "RunInstances",
            "virtualization_type": "hvm"
          },
          "sensitive_attributes": [
            [
              {
                "type": "get_attr",
                "value": "filter"
              }
            ]
          ]
        }
      ]
    },
    {
      "mode": "data",
      "type": "aws_availability_zones",
      "name": "azs",
      "provider": "provider[\"registry.terraform.io/hashicorp/aws\"]",
      "instances": [
        {
          "schema_version": 0,
          "attributes": {
            "all_availability_zones": null,
            "exclude_names": null,
            "exclude_zone_ids": null,
            "filter": null,
            "group_names": [
              "us-west-1"
            ],
            "id": "us-west-1",
            "names": [
              "us-west-1b",
              "us-west-1c"
            ],
            "state": "available",
            "timeouts": null,
            "zone_ids": [
              "usw1-az3",
              "usw1-az1"
            ]
          },
          "sensitive_attributes": []
        }
      ]
    },
    {
      "mode": "data",
      "type": "aws_ssm_parameter",
      "name": "bottlerocket_image_id",
      "provider": "provider[\"registry.terraform.io/hashicorp/aws\"]",
      "instances": [
        {
          "schema_version": 0,
          "attributes": {
            "arn": "arn:aws:ssm:us-west-1::parameter/aws/service/bottlerocket/aws-k8s-1.23/x86_64/latest/image_id",
            "id": "/aws/service/bottlerocket/aws-k8s-1.23/x86_64/latest/image_id",
            "name": "/aws/service/bottlerocket/aws-k8s-1.23/x86_64/latest/image_id",
            "type": "String",
            "value": "ami-0e702d86dbc78c791",
            "version": 11,
            "with_decryption": true
          },
          "sensitive_attributes": []
        }
      ]
    },
    {
      "mode": "data",
      "type": "aws_subnets",
      "name": "private",
      "provider": "provider[\"registry.terraform.io/hashicorp/aws\"]",
      "instances": [
        {
          "schema_version": 0,
          "attributes": {
            "filter": null,
            "id": "us-west-1",
            "ids": [],
            "tags": {
              "subnet-type": "private"
            },
            "timeouts": null
          },
          "sensitive_attributes": []
        }
      ]
    },
    {
      "mode": "data",
      "type": "aws_subnets",
      "name": "public",
      "provider": "provider[\"registry.terraform.io/hashicorp/aws\"]",
      "instances": [
        {
          "schema_version": 0,
          "attributes": {
            "filter": null,
            "id": "us-west-1",
            "ids": [
              "subnet-0f8b2017a82cbe9ab",
              "subnet-0cc91c86e65109d38",
              "subnet-0b729df375ae3eaf2",
              "subnet-01958c788d9030dcc"
            ],
            "tags": {
              "subnet-type": "public"
            },
            "timeouts": null
          },
          "sensitive_attributes": []
        }
      ]
    },
    {
      "mode": "data",
      "type": "aws_vpc",
      "name": "network",
      "provider": "provider[\"registry.terraform.io/hashicorp/aws\"]",
      "instances": [
        {
          "schema_version": 0,
          "attributes": {
            "arn": "arn:aws:ec2:us-west-1:932862063257:vpc/vpc-0fdcfef58ccf98c29",
            "cidr_block": "10.0.0.0/16",
            "cidr_block_associations": [
              {
                "association_id": "vpc-cidr-assoc-0c420e5cbcdbb3d82",
                "cidr_block": "10.0.0.0/16",
                "state": "associated"
              }
            ],
            "default": false,
            "dhcp_options_id": "dopt-683c280a",
            "enable_dns_hostnames": true,
            "enable_dns_support": true,
            "filter": null,
            "id": "vpc-0fdcfef58ccf98c29",
            "instance_tenancy": "default",
            "ipv6_association_id": "",
            "ipv6_cidr_block": "",
            "main_route_table_id": "rtb-0308157e898550de7",
            "owner_id": "932862063257",
            "state": null,
            "tags": {
              "Name": "deepholm-staging"
            },
            "timeouts": null
          },
          "sensitive_attributes": []
        }
      ]
    },
    {
      "mode": "managed",
      "type": "aws_default_route_table",
      "name": "eks_network_private",
      "provider": "provider[\"registry.terraform.io/hashicorp/aws\"]",
      "instances": [
        {
          "schema_version": 0,
          "attributes": {
            "arn": "arn:aws:ec2:us-west-1:932862063257:route-table/rtb-0308157e898550de7",
            "default_route_table_id": "rtb-0308157e898550de7",
            "id": "rtb-0308157e898550de7",
            "owner_id": "932862063257",
            "propagating_vgws": null,
            "route": [],
            "tags": {
              "Name": "deepholm-staging-private"
            },
            "tags_all": {
              "Name": "deepholm-staging-private"
            },
            "timeouts": null,
            "vpc_id": "vpc-0fdcfef58ccf98c29"
          },
          "sensitive_attributes": [],
          "private": "eyJlMmJmYjczMC1lY2FhLTExZTYtOGY4OC0zNDM2M2JjN2M0YzAiOnsiY3JlYXRlIjoxMjAwMDAwMDAwMDAsInVwZGF0ZSI6MTIwMDAwMDAwMDAwfX0=",
          "dependencies": [
            "aws_vpc.eks_network"
          ]
        }
      ]
    },
    {
      "mode": "managed",
      "type": "aws_eip",
      "name": "eks_network_nat_gateway_a",
      "provider": "provider[\"registry.terraform.io/hashicorp/aws\"]",
      "instances": [
        {
          "index_key": "sub-1",
          "schema_version": 0,
          "attributes": {
            "address": null,
            "allocation_id": "eipalloc-01187e810c42deec7",
            "associate_with_private_ip": null,
            "association_id": "",
            "carrier_ip": "",
            "customer_owned_ip": "",
            "customer_owned_ipv4_pool": "",
            "domain": "vpc",
            "id": "eipalloc-01187e810c42deec7",
            "instance": "",
            "network_border_group": "us-west-1",
            "network_interface": "",
            "private_dns": null,
            "private_ip": "",
            "public_dns": "ec2-54-193-222-47.us-west-1.compute.amazonaws.com",
            "public_ip": "54.193.222.47",
            "public_ipv4_pool": "amazon",
            "tags": {
              "Name": "deepholm-staging-nat-gateway_a"
            },
            "tags_all": {
              "Name": "deepholm-staging-nat-gateway_a"
            },
            "timeouts": null,
            "vpc": true
          },
          "sensitive_attributes": [],
          "private": "eyJlMmJmYjczMC1lY2FhLTExZTYtOGY4OC0zNDM2M2JjN2M0YzAiOnsiZGVsZXRlIjoxODAwMDAwMDAwMDAsInJlYWQiOjkwMDAwMDAwMDAwMCwidXBkYXRlIjozMDAwMDAwMDAwMDB9fQ=="
        },
        {
          "index_key": "sub-2",
          "schema_version": 0,
          "attributes": {
            "address": null,
            "allocation_id": "eipalloc-0e197e23c35508e88",
            "associate_with_private_ip": null,
            "association_id": "",
            "carrier_ip": "",
            "customer_owned_ip": "",
            "customer_owned_ipv4_pool": "",
            "domain": "vpc",
            "id": "eipalloc-0e197e23c35508e88",
            "instance": "",
            "network_border_group": "us-west-1",
            "network_interface": "",
            "private_dns": null,
            "private_ip": "",
            "public_dns": "ec2-52-9-33-166.us-west-1.compute.amazonaws.com",
            "public_ip": "52.9.33.166",
            "public_ipv4_pool": "amazon",
            "tags": {
              "Name": "deepholm-staging-nat-gateway_a"
            },
            "tags_all": {
              "Name": "deepholm-staging-nat-gateway_a"
            },
            "timeouts": null,
            "vpc": true
          },
          "sensitive_attributes": [],
          "private": "eyJlMmJmYjczMC1lY2FhLTExZTYtOGY4OC0zNDM2M2JjN2M0YzAiOnsiZGVsZXRlIjoxODAwMDAwMDAwMDAsInJlYWQiOjkwMDAwMDAwMDAwMCwidXBkYXRlIjozMDAwMDAwMDAwMDB9fQ=="
        }
      ]
    },
    {
      "mode": "managed",
      "type": "aws_eks_cluster",
      "name": "cluster",
      "provider": "provider[\"registry.terraform.io/hashicorp/aws\"]",
      "instances": [
        {
          "schema_version": 0,
          "attributes": {
            "arn": "arn:aws:eks:us-west-1:932862063257:cluster/deepholm-staging",
            "certificate_authority": [
              {
                "data": "LS0tLS1CRUdJTiBDRVJUSUZJQ0FURS0tLS0tCk1JSUMvakNDQWVhZ0F3SUJBZ0lCQURBTkJna3Foa2lHOXcwQkFRc0ZBREFWTVJNd0VRWURWUVFERXdwcmRXSmwKY201bGRHVnpNQjRYRFRJek1ESXdOekF3TlRjek1sb1hEVE16TURJd05EQXdOVGN6TWxvd0ZURVRNQkVHQTFVRQpBeE1LYTNWaVpYSnVaWFJsY3pDQ0FTSXdEUVlKS29aSWh2Y05BUUVCQlFBRGdnRVBBRENDQVFvQ2dnRUJBTTRTCjg4VDFMaDcxclRRVW1kVUF4Vk5oSFh5Q2VRYWlWbzZkUVgxNTJzL3ZPRnVYYmJEeWJFS1NCV0FwZVlsN0ZoK3EKUjl0Q1RUcURsTGU4WDlsY3B2WFp4UjBWWDFEc3g3aGFxdkl2K1Y2WWZkTUQ5TkVOalc5TGZrSnk2djRCMDZOVwpPdXlUV0p4cHRmOEtCQy85TnhXRE1ZWHhqaDJ6WWZPOFdOZGl5WjZLN01GSytDV3lURWZKQUh4Nlg0bUhOQTRBClBPYVlpbWovWUFjTWdWQnBoM0FEZ0ZCZE5DSHA1ckx2Z0swODZqS0x5eDFBZVMwYUZsdmpIKzZ0d1BReStxZSsKOWEwdVdLWGZmTWdsOGh2WUxuWGZvZVFGaExXN3BxYkI4RnNueHJwaFd6RzRkMnkvbmdaMUQ1Q0I3SWJ5aG03dgpXbFB6VHdQMkFQMUlSN2I0QzVzQ0F3RUFBYU5aTUZjd0RnWURWUjBQQVFIL0JBUURBZ0trTUE4R0ExVWRFd0VCCi93UUZNQU1CQWY4d0hRWURWUjBPQkJZRUZOVXdTWWVFZVdxeTdNUW1GQWFjaXFOWWRiSENNQlVHQTFVZEVRUU8KTUF5Q0NtdDFZbVZ5Ym1WMFpYTXdEUVlKS29aSWh2Y05BUUVMQlFBRGdnRUJBSWhKazZMcWt1Z2pDQlZRbU1lVwo1dXFxOENpZ2YwMVg3TnJ5end0N2NSRXlzVkhBN2t2VHhrbzBZTGV5d25KS1FQQWxoWDdEc0JLMjErTTNQVjdTCnhVYWFUcEF4cldwNWtsT2NBc0JjTTBPdVNFaU03QllwUE5RRjdhTlRWaFBUNFNveW5sZW1zNFFwTS9tMTBiUzgKSmJCQ0VLZmZZMk01Nnl1RVZ2RWpLQVk1TlBUTmd3bklhc2s4NTA4UGJpSGhVcUZibmNubFJrTUJ4c0lHcisyaQo4eXNEd3A2RjFDMER6YS9PQWVxc1B3cGpmOHBBQ3RSSWtZdDQ3SXVxaW84eVQ5ZXlnMVBsdXJEckF5TTRSdm53Ck1uVzg5b0lKQTV5aUN0QTA5NXFJbWdEUXgrYmJLaTRMbTI3d05DeEpOOVRtUnBpeGtmMXRwWHBtSS95aTJmTysKWUMwPQotLS0tLUVORCBDRVJUSUZJQ0FURS0tLS0tCg=="
              }
            ],
            "created_at": "2023-02-07 00:52:28.353 +0000 UTC",
            "enabled_cluster_log_types": null,
            "encryption_config": [],
            "endpoint": "https://9729E3E9C38CC58F4097DE329AFAFA0D.sk1.us-west-1.eks.amazonaws.com",
            "id": "deepholm-staging",
            "identity": [
              {
                "oidc": [
                  {
                    "issuer": "https://oidc.eks.us-west-1.amazonaws.com/id/9729E3E9C38CC58F4097DE329AFAFA0D"
                  }
                ]
              }
            ],
            "kubernetes_network_config": [
              {
                "ip_family": "ipv4",
                "service_ipv4_cidr": "172.20.0.0/16"
              }
            ],
            "name": "deepholm-staging",
            "platform_version": "eks.6",
            "role_arn": "arn:aws:iam::932862063257:role/EKS-deepholm-staging-cluster-role",
            "status": "ACTIVE",
            "tags": null,
            "tags_all": {},
            "timeouts": null,
            "version": "1.23",
            "vpc_config": [
              {
                "cluster_security_group_id": "sg-0b7c33f41fa452634",
                "endpoint_private_access": true,
                "endpoint_public_access": true,
                "public_access_cidrs": [
                  "0.0.0.0/0"
                ],
                "security_group_ids": null,
                "subnet_ids": [
                  "subnet-01958c788d9030dcc",
                  "subnet-0b729df375ae3eaf2",
                  "subnet-0cc91c86e65109d38",
                  "subnet-0f8b2017a82cbe9ab"
                ],
                "vpc_id": "vpc-0fdcfef58ccf98c29"
              }
            ]
          },
          "sensitive_attributes": [],
          "private": "eyJlMmJmYjczMC1lY2FhLTExZTYtOGY4OC0zNDM2M2JjN2M0YzAiOnsiY3JlYXRlIjoxODAwMDAwMDAwMDAwLCJkZWxldGUiOjkwMDAwMDAwMDAwMCwidXBkYXRlIjozNjAwMDAwMDAwMDAwfX0=",
          "dependencies": [
            "aws_eip.eks_network_nat_gateway_a",
            "aws_iam_role.cluster_role",
            "aws_iam_role.managed_workers",
            "aws_nat_gateway.eks_network_nat_gateway",
            "aws_security_group.control_plane",
            "aws_subnet.private",
            "aws_subnet.public",
            "aws_vpc.eks_network",
            "data.aws_subnets.private",
            "data.aws_subnets.public"
          ]
        }
      ]
    },
    {
      "mode": "managed",
      "type": "aws_eks_node_group",
      "name": "worker-node-group",
      "provider": "provider[\"registry.terraform.io/hashicorp/aws\"]",
      "instances": []
    },
    {
      "mode": "managed",
      "type": "aws_iam_instance_profile",
      "name": "eks_node",
      "provider": "provider[\"registry.terraform.io/hashicorp/aws\"]",
      "instances": [
        {
          "schema_version": 0,
          "attributes": {
            "arn": "arn:aws:iam::932862063257:instance-profile/EKS-deepholm-staging-worker-node-role",
            "create_date": "2023-02-06T23:53:27Z",
            "id": "EKS-deepholm-staging-worker-node-role",
            "name": "EKS-deepholm-staging-worker-node-role",
            "name_prefix": null,
            "path": "/",
            "role": "EKS-deepholm-staging-worker-node-role",
            "tags": {},
            "tags_all": {},
            "unique_id": "AIPA5SMXJOKMWGEQNSY7E"
          },
          "sensitive_attributes": [],
          "private": "bnVsbA==",
          "dependencies": [
            "aws_iam_role.managed_workers"
          ]
        }
      ]
    },
    {
      "mode": "managed",
      "type": "aws_iam_role",
      "name": "cluster_role",
      "provider": "provider[\"registry.terraform.io/hashicorp/aws\"]",
      "instances": [
        {
          "schema_version": 0,
          "attributes": {
            "arn": "arn:aws:iam::932862063257:role/EKS-deepholm-staging-cluster-role",
            "assume_role_policy": "{\"Statement\":[{\"Action\":\"sts:AssumeRole\",\"Effect\":\"Allow\",\"Principal\":{\"Service\":\"eks.amazonaws.com\"}}],\"Version\":\"2012-10-17\"}",
            "create_date": "2023-02-06T23:53:26Z",
            "description": "",
            "force_detach_policies": false,
            "id": "EKS-deepholm-staging-cluster-role",
            "inline_policy": [],
            "managed_policy_arns": [
              "arn:aws:iam::aws:policy/AmazonEKSClusterPolicy",
              "arn:aws:iam::aws:policy/AmazonEKSServicePolicy"
            ],
            "max_session_duration": 3600,
            "name": "EKS-deepholm-staging-cluster-role",
            "name_prefix": "",
            "path": "/",
            "permissions_boundary": null,
            "tags": {},
            "tags_all": {},
            "unique_id": "AROA5SMXJOKM7GM4DJERG"
          },
          "sensitive_attributes": [],
          "private": "bnVsbA=="
        }
      ]
    },
    {
      "mode": "managed",
      "type": "aws_iam_role",
      "name": "managed_workers",
      "provider": "provider[\"registry.terraform.io/hashicorp/aws\"]",
      "instances": [
        {
          "schema_version": 0,
          "attributes": {
            "arn": "arn:aws:iam::932862063257:role/EKS-deepholm-staging-worker-node-role",
            "assume_role_policy": "{\"Statement\":[{\"Action\":\"sts:AssumeRole\",\"Effect\":\"Allow\",\"Principal\":{\"Service\":\"ec2.amazonaws.com\"}}],\"Version\":\"2012-10-17\"}",
            "create_date": "2023-02-06T23:53:26Z",
            "description": "",
            "force_detach_policies": false,
            "id": "EKS-deepholm-staging-worker-node-role",
            "inline_policy": [
              {
                "name": "set_name_tag",
                "policy": "{\n  \"Version\": \"2012-10-17\",\n  \"Statement\": [\n    {\n      \"Action\": [\n        \"ec2:CreateTags\"\n      ],\n      \"Effect\": \"Allow\",\n      \"Resource\": \"*\"\n    }\n  ]\n}\n"
              }
            ],
            "managed_policy_arns": [
              "arn:aws:iam::aws:policy/AmazonEC2ContainerRegistryReadOnly",
              "arn:aws:iam::aws:policy/AmazonEC2FullAccess",
              "arn:aws:iam::aws:policy/AmazonEKSWorkerNodePolicy",
              "arn:aws:iam::aws:policy/AmazonEKS_CNI_Policy",
              "arn:aws:iam::aws:policy/AmazonSSMManagedInstanceCore",
              "arn:aws:iam::aws:policy/ElasticLoadBalancingFullAccess"
            ],
            "max_session_duration": 3600,
            "name": "EKS-deepholm-staging-worker-node-role",
            "name_prefix": "",
            "path": "/",
            "permissions_boundary": null,
            "tags": {},
            "tags_all": {},
            "unique_id": "AROA5SMXJOKM6E6JFNZZM"
          },
          "sensitive_attributes": [],
          "private": "bnVsbA=="
        }
      ]
    },
    {
      "mode": "managed",
      "type": "aws_iam_role_policy",
      "name": "set_name_tag",
      "provider": "provider[\"registry.terraform.io/hashicorp/aws\"]",
      "instances": [
        {
          "schema_version": 0,
          "attributes": {
            "id": "EKS-deepholm-staging-worker-node-role:set_name_tag",
            "name": "set_name_tag",
            "name_prefix": null,
            "policy": "{\n  \"Version\": \"2012-10-17\",\n  \"Statement\": [\n    {\n      \"Action\": [\n        \"ec2:CreateTags\"\n      ],\n      \"Effect\": \"Allow\",\n      \"Resource\": \"*\"\n    }\n  ]\n}\n",
            "role": "EKS-deepholm-staging-worker-node-role"
          },
          "sensitive_attributes": [],
          "private": "bnVsbA==",
          "dependencies": [
            "aws_iam_role.managed_workers"
          ]
        }
      ]
    },
    {
      "mode": "managed",
      "type": "aws_iam_role_policy_attachment",
      "name": "AmazonEC2FullAccess",
      "provider": "provider[\"registry.terraform.io/hashicorp/aws\"]",
      "instances": [
        {
          "schema_version": 0,
          "attributes": {
            "id": "EKS-deepholm-staging-worker-node-role-20230206235327494600000007",
            "policy_arn": "arn:aws:iam::aws:policy/AmazonEC2FullAccess",
            "role": "EKS-deepholm-staging-worker-node-role"
          },
          "sensitive_attributes": [],
          "private": "bnVsbA==",
          "dependencies": [
            "aws_iam_role.managed_workers"
          ]
        }
      ]
    },
    {
      "mode": "managed",
      "type": "aws_iam_role_policy_attachment",
      "name": "ElasticLoadBalancingFullAccess",
      "provider": "provider[\"registry.terraform.io/hashicorp/aws\"]",
      "instances": [
        {
          "schema_version": 0,
          "attributes": {
            "id": "EKS-deepholm-staging-worker-node-role-20230206235327500800000008",
            "policy_arn": "arn:aws:iam::aws:policy/ElasticLoadBalancingFullAccess",
            "role": "EKS-deepholm-staging-worker-node-role"
          },
          "sensitive_attributes": [],
          "private": "bnVsbA==",
          "dependencies": [
            "aws_iam_role.managed_workers"
          ]
        }
      ]
    },
    {
      "mode": "managed",
      "type": "aws_iam_role_policy_attachment",
      "name": "cluster_AmazonEKSClusterPolicy",
      "provider": "provider[\"registry.terraform.io/hashicorp/aws\"]",
      "instances": [
        {
          "schema_version": 0,
          "attributes": {
            "id": "EKS-deepholm-staging-cluster-role-20230206235327279600000004",
            "policy_arn": "arn:aws:iam::aws:policy/AmazonEKSClusterPolicy",
            "role": "EKS-deepholm-staging-cluster-role"
          },
          "sensitive_attributes": [],
          "private": "bnVsbA==",
          "dependencies": [
            "aws_iam_role.cluster_role"
          ]
        }
      ]
    },
    {
      "mode": "managed",
      "type": "aws_iam_role_policy_attachment",
      "name": "cluster_AmazonEKSServicePolicy",
      "provider": "provider[\"registry.terraform.io/hashicorp/aws\"]",
      "instances": [
        {
          "schema_version": 0,
          "attributes": {
            "id": "EKS-deepholm-staging-cluster-role-20230206235327271000000003",
            "policy_arn": "arn:aws:iam::aws:policy/AmazonEKSServicePolicy",
            "role": "EKS-deepholm-staging-cluster-role"
          },
          "sensitive_attributes": [],
          "private": "bnVsbA==",
          "dependencies": [
            "aws_iam_role.cluster_role"
          ]
        }
      ]
    },
    {
      "mode": "managed",
      "type": "aws_iam_role_policy_attachment",
      "name": "eks-AmazonEC2ContainerRegistryReadOnly",
      "provider": "provider[\"registry.terraform.io/hashicorp/aws\"]",
      "instances": [
        {
          "schema_version": 0,
          "attributes": {
            "id": "EKS-deepholm-staging-worker-node-role-20230206235327381500000005",
            "policy_arn": "arn:aws:iam::aws:policy/AmazonEC2ContainerRegistryReadOnly",
            "role": "EKS-deepholm-staging-worker-node-role"
          },
          "sensitive_attributes": [],
          "private": "bnVsbA==",
          "dependencies": [
            "aws_iam_role.managed_workers"
          ]
        }
      ]
    },
    {
      "mode": "managed",
      "type": "aws_iam_role_policy_attachment",
      "name": "eks-AmazonEKSWorkerNodePolicy",
      "provider": "provider[\"registry.terraform.io/hashicorp/aws\"]",
      "instances": [
        {
          "schema_version": 0,
          "attributes": {
            "id": "EKS-deepholm-staging-worker-node-role-20230206235327387100000006",
            "policy_arn": "arn:aws:iam::aws:policy/AmazonEKSWorkerNodePolicy",
            "role": "EKS-deepholm-staging-worker-node-role"
          },
          "sensitive_attributes": [],
          "private": "bnVsbA==",
          "dependencies": [
            "aws_iam_role.managed_workers"
          ]
        }
      ]
    },
    {
      "mode": "managed",
      "type": "aws_iam_role_policy_attachment",
      "name": "eks-AmazonEKS_CNI_Policy",
      "provider": "provider[\"registry.terraform.io/hashicorp/aws\"]",
      "instances": [
        {
          "schema_version": 0,
          "attributes": {
            "id": "EKS-deepholm-staging-worker-node-role-2023020623532759770000000a",
            "policy_arn": "arn:aws:iam::aws:policy/AmazonEKS_CNI_Policy",
            "role": "EKS-deepholm-staging-worker-node-role"
          },
          "sensitive_attributes": [],
          "private": "bnVsbA==",
          "dependencies": [
            "aws_iam_role.managed_workers"
          ]
        }
      ]
    },
    {
      "mode": "managed",
      "type": "aws_iam_role_policy_attachment",
      "name": "ssm_managed_instance_core",
      "provider": "provider[\"registry.terraform.io/hashicorp/aws\"]",
      "instances": [
        {
          "schema_version": 0,
          "attributes": {
            "id": "EKS-deepholm-staging-worker-node-role-20230206235327571600000009",
            "policy_arn": "arn:aws:iam::aws:policy/AmazonSSMManagedInstanceCore",
            "role": "EKS-deepholm-staging-worker-node-role"
          },
          "sensitive_attributes": [],
          "private": "bnVsbA==",
          "dependencies": [
            "aws_iam_role.managed_workers"
          ]
        }
      ]
    },
    {
      "mode": "managed",
      "type": "aws_internet_gateway",
      "name": "eks_network_gateway",
      "provider": "provider[\"registry.terraform.io/hashicorp/aws\"]",
      "instances": [
        {
          "schema_version": 0,
          "attributes": {
            "arn": "arn:aws:ec2:us-west-1:932862063257:internet-gateway/igw-042fc506457809320",
            "id": "igw-042fc506457809320",
            "owner_id": "932862063257",
            "tags": {
              "Name": "deepholm-staging"
            },
            "tags_all": {
              "Name": "deepholm-staging"
            },
            "timeouts": null,
            "vpc_id": "vpc-0fdcfef58ccf98c29"
          },
          "sensitive_attributes": [],
          "private": "eyJlMmJmYjczMC1lY2FhLTExZTYtOGY4OC0zNDM2M2JjN2M0YzAiOnsiY3JlYXRlIjoxMjAwMDAwMDAwMDAwLCJkZWxldGUiOjEyMDAwMDAwMDAwMDAsInVwZGF0ZSI6MTIwMDAwMDAwMDAwMH19",
          "dependencies": [
            "aws_vpc.eks_network"
          ]
        }
      ]
    },
    {
      "mode": "managed",
      "type": "aws_launch_template",
      "name": "bottlerocket_lt",
      "provider": "provider[\"registry.terraform.io/hashicorp/aws\"]",
      "instances": [
        {
          "schema_version": 0,
          "attributes": {
            "arn": "arn:aws:ec2:us-west-1:932862063257:launch-template/lt-07d587f19417f2304",
            "block_device_mappings": [
              {
                "device_name": "/dev/xvda",
                "ebs": [
                  {
                    "delete_on_termination": "true",
                    "encrypted": "",
                    "iops": 0,
                    "kms_key_id": "",
                    "snapshot_id": "",
                    "throughput": 0,
                    "volume_size": 40,
                    "volume_type": "gp2"
                  }
                ],
                "no_device": "",
                "virtual_name": ""
              }
            ],
            "capacity_reservation_specification": [],
            "cpu_options": [],
            "credit_specification": [],
            "default_version": 1,
            "description": "",
            "disable_api_stop": false,
            "disable_api_termination": false,
            "ebs_optimized": "",
            "elastic_gpu_specifications": [],
            "elastic_inference_accelerator": [],
            "enclave_options": [],
            "hibernation_options": [],
            "iam_instance_profile": [],
            "id": "lt-07d587f19417f2304",
            "image_id": "ami-0e702d86dbc78c791",
            "instance_initiated_shutdown_behavior": "",
            "instance_market_options": [],
            "instance_requirements": [],
            "instance_type": "m5.large",
            "kernel_id": "",
            "key_name": "",
            "latest_version": 1,
            "license_specification": [],
            "maintenance_options": [],
            "metadata_options": [],
            "monitoring": [
              {
                "enabled": true
              }
            ],
            "name": "deepholm-staging20230206235326022100000001",
            "name_prefix": "deepholm-staging",
            "network_interfaces": [
              {
                "associate_carrier_ip_address": "",
                "associate_public_ip_address": "false",
                "delete_on_termination": "true",
                "description": "",
                "device_index": 0,
                "interface_type": "",
                "ipv4_address_count": 0,
                "ipv4_addresses": [],
                "ipv4_prefix_count": 0,
                "ipv4_prefixes": [],
                "ipv6_address_count": 0,
                "ipv6_addresses": [],
                "ipv6_prefix_count": 0,
                "ipv6_prefixes": [],
                "network_card_index": 0,
                "network_interface_id": "",
                "private_ip_address": "",
                "security_groups": [],
                "subnet_id": ""
              }
            ],
            "placement": [],
            "private_dns_name_options": [],
            "ram_disk_id": "",
            "security_group_names": [],
            "tag_specifications": [
              {
                "resource_type": "instance",
                "tags": {
                  "Name": "eks-node-aws_eks_cluster.cluster.name",
                  "k8s.io/cluster-autoscaler/deepholm-staging": "owned",
                  "k8s.io/cluster-autoscaler/enabled": "true",
                  "kubernetes.io/cluster/deepholm-staging": "owned"
                }
              },
              {
                "resource_type": "volume",
                "tags": {
                  "Name": "eks-node-aws_eks_cluster.cluster.name",
                  "k8s.io/cluster-autoscaler/deepholm-staging": "owned",
                  "k8s.io/cluster-autoscaler/enabled": "true",
                  "kubernetes.io/cluster/deepholm-staging": "owned"
                }
              }
            ],
            "tags": {
              "Name": "eks-node-aws_eks_cluster.cluster.name",
              "k8s.io/cluster-autoscaler/deepholm-staging": "owned",
              "k8s.io/cluster-autoscaler/enabled": "true",
              "kubernetes.io/cluster/deepholm-staging": "owned"
            },
            "tags_all": {
              "Name": "eks-node-aws_eks_cluster.cluster.name",
              "k8s.io/cluster-autoscaler/deepholm-staging": "owned",
              "k8s.io/cluster-autoscaler/enabled": "true",
              "kubernetes.io/cluster/deepholm-staging": "owned"
            },
            "update_default_version": true,
            "user_data": "",
            "vpc_security_group_ids": []
          },
          "sensitive_attributes": [],
          "private": "bnVsbA==",
          "dependencies": [
            "data.aws_ami.bottlerocket_image"
          ],
          "create_before_destroy": true
        }
      ]
    },
    {
      "mode": "managed",
      "type": "aws_nat_gateway",
      "name": "eks_network_nat_gateway",
      "provider": "provider[\"registry.terraform.io/hashicorp/aws\"]",
      "instances": [
        {
          "index_key": "sub-1",
          "schema_version": 0,
          "attributes": {
            "allocation_id": "eipalloc-01187e810c42deec7",
            "connectivity_type": "public",
            "id": "nat-0e6e00df0b8f9f652",
            "network_interface_id": "eni-076d67d532a2cd095",
            "private_ip": "10.0.200.55",
            "public_ip": "54.193.222.47",
            "subnet_id": "subnet-0f8b2017a82cbe9ab",
            "tags": {
              "Name": "deepholm-staging"
            },
            "tags_all": {
              "Name": "deepholm-staging"
            }
          },
          "sensitive_attributes": [],
          "private": "bnVsbA==",
          "dependencies": [
            "aws_eip.eks_network_nat_gateway_a",
            "aws_subnet.private",
            "aws_vpc.eks_network"
          ]
        },
        {
          "index_key": "sub-2",
          "schema_version": 0,
          "attributes": {
            "allocation_id": "eipalloc-0e197e23c35508e88",
            "connectivity_type": "public",
            "id": "nat-07a3b00e8d3b90ee4",
            "network_interface_id": "eni-0f9bfea1377193ccf",
            "private_ip": "10.0.201.88",
            "public_ip": "52.9.33.166",
            "subnet_id": "subnet-01958c788d9030dcc",
            "tags": {
              "Name": "deepholm-staging"
            },
            "tags_all": {
              "Name": "deepholm-staging"
            }
          },
          "sensitive_attributes": [],
          "private": "bnVsbA==",
          "dependencies": [
            "aws_eip.eks_network_nat_gateway_a",
            "aws_subnet.private",
            "aws_vpc.eks_network"
          ]
        }
      ]
    },
    {
      "mode": "managed",
      "type": "aws_route",
      "name": "internet-gateway",
      "provider": "provider[\"registry.terraform.io/hashicorp/aws\"]",
      "instances": [
        {
          "schema_version": 0,
          "attributes": {
            "carrier_gateway_id": "",
            "core_network_arn": "",
            "destination_cidr_block": "0.0.0.0/0",
            "destination_ipv6_cidr_block": "",
            "destination_prefix_list_id": "",
            "egress_only_gateway_id": "",
            "gateway_id": "igw-042fc506457809320",
            "id": "r-rtb-0e32dc108b68b747c1080289494",
            "instance_id": "",
            "instance_owner_id": "",
            "local_gateway_id": "",
            "nat_gateway_id": "",
            "network_interface_id": "",
            "origin": "CreateRoute",
            "route_table_id": "rtb-0e32dc108b68b747c",
            "state": "active",
            "timeouts": null,
            "transit_gateway_id": "",
            "vpc_endpoint_id": "",
            "vpc_peering_connection_id": ""
          },
          "sensitive_attributes": [],
          "private": "eyJlMmJmYjczMC1lY2FhLTExZTYtOGY4OC0zNDM2M2JjN2M0YzAiOnsiY3JlYXRlIjozMDAwMDAwMDAwMDAsImRlbGV0ZSI6MzAwMDAwMDAwMDAwLCJ1cGRhdGUiOjEyMDAwMDAwMDAwMH19",
          "dependencies": [
            "aws_internet_gateway.eks_network_gateway",
            "aws_route_table.eks_network_public",
            "aws_vpc.eks_network"
          ]
        }
      ]
    },
    {
      "mode": "managed",
      "type": "aws_route",
      "name": "nat-gateway",
      "provider": "provider[\"registry.terraform.io/hashicorp/aws\"]",
      "instances": [
        {
          "index_key": "sub-2",
          "schema_version": 0,
          "attributes": {
            "carrier_gateway_id": "",
            "core_network_arn": "",
            "destination_cidr_block": "0.0.0.0/0",
            "destination_ipv6_cidr_block": "",
            "destination_prefix_list_id": "",
            "egress_only_gateway_id": "",
            "gateway_id": "",
            "id": "r-rtb-0308157e898550de71080289494",
            "instance_id": "",
            "instance_owner_id": "",
            "local_gateway_id": "",
            "nat_gateway_id": "nat-07a3b00e8d3b90ee4",
            "network_interface_id": "",
            "origin": "CreateRoute",
            "route_table_id": "rtb-0308157e898550de7",
            "state": "active",
            "timeouts": null,
            "transit_gateway_id": "",
            "vpc_endpoint_id": "",
            "vpc_peering_connection_id": ""
          },
          "sensitive_attributes": [],
          "private": "eyJlMmJmYjczMC1lY2FhLTExZTYtOGY4OC0zNDM2M2JjN2M0YzAiOnsiY3JlYXRlIjozMDAwMDAwMDAwMDAsImRlbGV0ZSI6MzAwMDAwMDAwMDAwLCJ1cGRhdGUiOjEyMDAwMDAwMDAwMH19",
          "dependencies": [
            "aws_default_route_table.eks_network_private",
            "aws_eip.eks_network_nat_gateway_a",
            "aws_nat_gateway.eks_network_nat_gateway",
            "aws_subnet.private",
            "aws_vpc.eks_network"
          ]
        }
      ]
    },
    {
      "mode": "managed",
      "type": "aws_route_table",
      "name": "eks_network_public",
      "provider": "provider[\"registry.terraform.io/hashicorp/aws\"]",
      "instances": [
        {
          "schema_version": 0,
          "attributes": {
            "arn": "arn:aws:ec2:us-west-1:932862063257:route-table/rtb-0e32dc108b68b747c",
            "id": "rtb-0e32dc108b68b747c",
            "owner_id": "932862063257",
            "propagating_vgws": [],
            "route": [],
            "tags": {
              "Name": "deepholm-staging-public"
            },
            "tags_all": {
              "Name": "deepholm-staging-public"
            },
            "timeouts": null,
            "vpc_id": "vpc-0fdcfef58ccf98c29"
          },
          "sensitive_attributes": [],
          "private": "eyJlMmJmYjczMC1lY2FhLTExZTYtOGY4OC0zNDM2M2JjN2M0YzAiOnsiY3JlYXRlIjozMDAwMDAwMDAwMDAsImRlbGV0ZSI6MzAwMDAwMDAwMDAwLCJ1cGRhdGUiOjEyMDAwMDAwMDAwMH19",
          "dependencies": [
            "aws_vpc.eks_network"
          ]
        }
      ]
    },
    {
      "mode": "managed",
      "type": "aws_route_table_association",
      "name": "private",
      "provider": "provider[\"registry.terraform.io/hashicorp/aws\"]",
      "instances": [
        {
          "index_key": "sub-1",
          "schema_version": 0,
          "attributes": {
            "gateway_id": "",
            "id": "rtbassoc-0ebbe227ba019e099",
            "route_table_id": "rtb-0308157e898550de7",
            "subnet_id": "subnet-0f8b2017a82cbe9ab"
          },
          "sensitive_attributes": [],
          "private": "bnVsbA==",
          "dependencies": [
            "aws_default_route_table.eks_network_private",
            "aws_subnet.private",
            "aws_vpc.eks_network"
          ]
        },
        {
          "index_key": "sub-2",
          "schema_version": 0,
          "attributes": {
            "gateway_id": "",
            "id": "rtbassoc-0aa34ce61936acb3a",
            "route_table_id": "rtb-0308157e898550de7",
            "subnet_id": "subnet-01958c788d9030dcc"
          },
          "sensitive_attributes": [],
          "private": "bnVsbA==",
          "dependencies": [
            "aws_default_route_table.eks_network_private",
            "aws_subnet.private",
            "aws_vpc.eks_network"
          ]
        }
      ]
    },
    {
      "mode": "managed",
      "type": "aws_route_table_association",
      "name": "public",
      "provider": "provider[\"registry.terraform.io/hashicorp/aws\"]",
      "instances": [
        {
          "index_key": "sub-1",
          "schema_version": 0,
          "attributes": {
            "gateway_id": "",
            "id": "rtbassoc-0cca47ff597f8b3bb",
            "route_table_id": "rtb-0e32dc108b68b747c",
            "subnet_id": "subnet-0cc91c86e65109d38"
          },
          "sensitive_attributes": [],
          "private": "bnVsbA==",
          "dependencies": [
            "aws_route_table.eks_network_public",
            "aws_subnet.public",
            "aws_vpc.eks_network"
          ]
        },
        {
          "index_key": "sub-2",
          "schema_version": 0,
          "attributes": {
            "gateway_id": "",
            "id": "rtbassoc-065c8f2e3cc0082e2",
            "route_table_id": "rtb-0e32dc108b68b747c",
            "subnet_id": "subnet-0b729df375ae3eaf2"
          },
          "sensitive_attributes": [],
          "private": "bnVsbA==",
          "dependencies": [
            "aws_route_table.eks_network_public",
            "aws_subnet.public",
            "aws_vpc.eks_network"
          ]
        }
      ]
    },
    {
      "mode": "managed",
      "type": "aws_security_group",
      "name": "control_plane",
      "provider": "provider[\"registry.terraform.io/hashicorp/aws\"]",
      "instances": []
    },
    {
      "mode": "managed",
      "type": "aws_subnet",
      "name": "private",
      "provider": "provider[\"registry.terraform.io/hashicorp/aws\"]",
      "instances": [
        {
          "index_key": "sub-1",
          "schema_version": 1,
          "attributes": {
            "arn": "arn:aws:ec2:us-west-1:932862063257:subnet/subnet-0f8b2017a82cbe9ab",
            "assign_ipv6_address_on_creation": false,
            "availability_zone": "us-west-1c",
            "availability_zone_id": "usw1-az1",
            "cidr_block": "10.0.200.0/24",
            "customer_owned_ipv4_pool": "",
            "enable_dns64": false,
            "enable_resource_name_dns_a_record_on_launch": false,
            "enable_resource_name_dns_aaaa_record_on_launch": false,
            "id": "subnet-0f8b2017a82cbe9ab",
            "ipv6_cidr_block": "",
            "ipv6_cidr_block_association_id": "",
            "ipv6_native": false,
            "map_customer_owned_ip_on_launch": false,
            "map_public_ip_on_launch": false,
            "outpost_arn": "",
            "owner_id": "932862063257",
            "private_dns_hostname_type_on_launch": "ip-name",
            "tags": {
              "Name": "deepholm-staging",
              "kubernetes.io/cluster/deepholm-staging": "owned",
              "kubernetes.io/role/alb-ingress": "1",
              "kubernetes.io/role/elb": "1",
              "subnet-type": "public"
            },
            "tags_all": {
              "Name": "deepholm-staging",
              "kubernetes.io/cluster/deepholm-staging": "owned",
              "kubernetes.io/role/alb-ingress": "1",
              "kubernetes.io/role/elb": "1",
              "subnet-type": "public"
            },
            "timeouts": null,
            "vpc_id": "vpc-0fdcfef58ccf98c29"
          },
          "sensitive_attributes": [],
          "private": "eyJlMmJmYjczMC1lY2FhLTExZTYtOGY4OC0zNDM2M2JjN2M0YzAiOnsiY3JlYXRlIjo2MDAwMDAwMDAwMDAsImRlbGV0ZSI6MTIwMDAwMDAwMDAwMH0sInNjaGVtYV92ZXJzaW9uIjoiMSJ9",
          "dependencies": [
            "aws_vpc.eks_network"
          ]
        },
        {
          "index_key": "sub-2",
          "schema_version": 1,
          "attributes": {
            "arn": "arn:aws:ec2:us-west-1:932862063257:subnet/subnet-01958c788d9030dcc",
            "assign_ipv6_address_on_creation": false,
            "availability_zone": "us-west-1b",
            "availability_zone_id": "usw1-az3",
            "cidr_block": "10.0.201.0/24",
            "customer_owned_ipv4_pool": "",
            "enable_dns64": false,
            "enable_resource_name_dns_a_record_on_launch": false,
            "enable_resource_name_dns_aaaa_record_on_launch": false,
            "id": "subnet-01958c788d9030dcc",
            "ipv6_cidr_block": "",
            "ipv6_cidr_block_association_id": "",
            "ipv6_native": false,
            "map_customer_owned_ip_on_launch": false,
            "map_public_ip_on_launch": false,
            "outpost_arn": "",
            "owner_id": "932862063257",
            "private_dns_hostname_type_on_launch": "ip-name",
            "tags": {
              "Name": "deepholm-staging",
              "kubernetes.io/cluster/deepholm-staging": "owned",
              "kubernetes.io/role/alb-ingress": "1",
              "kubernetes.io/role/elb": "1",
              "subnet-type": "public"
            },
            "tags_all": {
              "Name": "deepholm-staging",
              "kubernetes.io/cluster/deepholm-staging": "owned",
              "kubernetes.io/role/alb-ingress": "1",
              "kubernetes.io/role/elb": "1",
              "subnet-type": "public"
            },
            "timeouts": null,
            "vpc_id": "vpc-0fdcfef58ccf98c29"
          },
          "sensitive_attributes": [],
          "private": "eyJlMmJmYjczMC1lY2FhLTExZTYtOGY4OC0zNDM2M2JjN2M0YzAiOnsiY3JlYXRlIjo2MDAwMDAwMDAwMDAsImRlbGV0ZSI6MTIwMDAwMDAwMDAwMH0sInNjaGVtYV92ZXJzaW9uIjoiMSJ9",
          "dependencies": [
            "aws_vpc.eks_network"
          ]
        }
      ]
    },
    {
      "mode": "managed",
      "type": "aws_subnet",
      "name": "public",
      "provider": "provider[\"registry.terraform.io/hashicorp/aws\"]",
      "instances": [
        {
          "index_key": "sub-1",
          "schema_version": 1,
          "attributes": {
            "arn": "arn:aws:ec2:us-west-1:932862063257:subnet/subnet-0cc91c86e65109d38",
            "assign_ipv6_address_on_creation": false,
            "availability_zone": "us-west-1c",
            "availability_zone_id": "usw1-az1",
            "cidr_block": "10.0.198.0/24",
            "customer_owned_ipv4_pool": "",
            "enable_dns64": false,
            "enable_resource_name_dns_a_record_on_launch": false,
            "enable_resource_name_dns_aaaa_record_on_launch": false,
            "id": "subnet-0cc91c86e65109d38",
            "ipv6_cidr_block": "",
            "ipv6_cidr_block_association_id": "",
            "ipv6_native": false,
            "map_customer_owned_ip_on_launch": false,
            "map_public_ip_on_launch": true,
            "outpost_arn": "",
            "owner_id": "932862063257",
            "private_dns_hostname_type_on_launch": "ip-name",
            "tags": {
              "Name": "deepholm-staging",
              "kubernetes.io/cluster/deepholm-staging": "owned",
              "kubernetes.io/role/alb-ingress": "1",
              "kubernetes.io/role/elb": "1",
              "subnet-type": "public"
            },
            "tags_all": {
              "Name": "deepholm-staging",
              "kubernetes.io/cluster/deepholm-staging": "owned",
              "kubernetes.io/role/alb-ingress": "1",
              "kubernetes.io/role/elb": "1",
              "subnet-type": "public"
            },
            "timeouts": null,
            "vpc_id": "vpc-0fdcfef58ccf98c29"
          },
          "sensitive_attributes": [],
          "private": "eyJlMmJmYjczMC1lY2FhLTExZTYtOGY4OC0zNDM2M2JjN2M0YzAiOnsiY3JlYXRlIjo2MDAwMDAwMDAwMDAsImRlbGV0ZSI6MTIwMDAwMDAwMDAwMH0sInNjaGVtYV92ZXJzaW9uIjoiMSJ9",
          "dependencies": [
            "aws_vpc.eks_network"
          ]
        },
        {
          "index_key": "sub-2",
          "schema_version": 1,
          "attributes": {
            "arn": "arn:aws:ec2:us-west-1:932862063257:subnet/subnet-0b729df375ae3eaf2",
            "assign_ipv6_address_on_creation": false,
            "availability_zone": "us-west-1b",
            "availability_zone_id": "usw1-az3",
            "cidr_block": "10.0.199.0/24",
            "customer_owned_ipv4_pool": "",
            "enable_dns64": false,
            "enable_resource_name_dns_a_record_on_launch": false,
            "enable_resource_name_dns_aaaa_record_on_launch": false,
            "id": "subnet-0b729df375ae3eaf2",
            "ipv6_cidr_block": "",
            "ipv6_cidr_block_association_id": "",
            "ipv6_native": false,
            "map_customer_owned_ip_on_launch": false,
            "map_public_ip_on_launch": true,
            "outpost_arn": "",
            "owner_id": "932862063257",
            "private_dns_hostname_type_on_launch": "ip-name",
            "tags": {
              "Name": "deepholm-staging",
              "kubernetes.io/cluster/deepholm-staging": "owned",
              "kubernetes.io/role/alb-ingress": "1",
              "kubernetes.io/role/elb": "1",
              "subnet-type": "public"
            },
            "tags_all": {
              "Name": "deepholm-staging",
              "kubernetes.io/cluster/deepholm-staging": "owned",
              "kubernetes.io/role/alb-ingress": "1",
              "kubernetes.io/role/elb": "1",
              "subnet-type": "public"
            },
            "timeouts": null,
            "vpc_id": "vpc-0fdcfef58ccf98c29"
          },
          "sensitive_attributes": [],
          "private": "eyJlMmJmYjczMC1lY2FhLTExZTYtOGY4OC0zNDM2M2JjN2M0YzAiOnsiY3JlYXRlIjo2MDAwMDAwMDAwMDAsImRlbGV0ZSI6MTIwMDAwMDAwMDAwMH0sInNjaGVtYV92ZXJzaW9uIjoiMSJ9",
          "dependencies": [
            "aws_vpc.eks_network"
          ]
        }
      ]
    },
    {
      "mode": "managed",
      "type": "aws_vpc",
      "name": "eks_network",
      "provider": "provider[\"registry.terraform.io/hashicorp/aws\"]",
      "instances": [
        {
          "schema_version": 1,
          "attributes": {
            "arn": "arn:aws:ec2:us-west-1:932862063257:vpc/vpc-0fdcfef58ccf98c29",
            "assign_generated_ipv6_cidr_block": false,
            "cidr_block": "10.0.0.0/16",
            "default_network_acl_id": "acl-0eee9f8ef05ab3997",
            "default_route_table_id": "rtb-0308157e898550de7",
            "default_security_group_id": "sg-0ee60a05ac30185f6",
            "dhcp_options_id": "dopt-683c280a",
            "enable_classiclink": false,
            "enable_classiclink_dns_support": false,
            "enable_dns_hostnames": true,
            "enable_dns_support": true,
            "id": "vpc-0fdcfef58ccf98c29",
            "instance_tenancy": "default",
            "ipv4_ipam_pool_id": null,
            "ipv4_netmask_length": null,
            "ipv6_association_id": "",
            "ipv6_cidr_block": "",
            "ipv6_cidr_block_network_border_group": "",
            "ipv6_ipam_pool_id": "",
            "ipv6_netmask_length": 0,
            "main_route_table_id": "rtb-0308157e898550de7",
            "owner_id": "932862063257",
            "tags": {
              "Name": "deepholm-staging"
            },
            "tags_all": {
              "Name": "deepholm-staging"
            }
          },
          "sensitive_attributes": [],
          "private": "eyJzY2hlbWFfdmVyc2lvbiI6IjEifQ=="
        }
      ]
    },
    {
      "mode": "managed",
      "type": "local_file",
      "name": "aws_auth_configmap",
      "provider": "provider[\"registry.terraform.io/hashicorp/local\"]",
      "instances": [
        {
          "schema_version": 0,
          "attributes": {
            "content": "apiVersion: v1\nkind: ConfigMap\nmetadata:\n  name: aws-auth\n  namespace: kube-system\ndata:\n  mapRoles: |\n    - rolearn: arn:aws:iam::932862063257:role/EKS-deepholm-staging-worker-node-role\n      username: system:node:{{EC2PrivateDNSName}}\n      groups:\n        - system:bootstrappers\n        - system:nodes\n",
            "content_base64": null,
            "directory_permission": "0777",
            "file_permission": "0644",
            "filename": "./config_map_aws_auth.yaml",
            "id": "08e25166957cd8f626d701dd6bb05ac626e4e478",
            "sensitive_content": null,
            "source": null
          },
          "sensitive_attributes": [],
          "private": "bnVsbA==",
          "dependencies": [
            "aws_iam_role.managed_workers"
          ]
        }
      ]
    },
    {
      "mode": "managed",
      "type": "null_resource",
      "name": "kubectl",
      "provider": "provider[\"registry.terraform.io/hashicorp/null\"]",
      "instances": [
        {
          "schema_version": 0,
          "attributes": {
            "id": "7935705187208847547",
            "triggers": null
          },
          "sensitive_attributes": [],
          "private": "bnVsbA==",
          "dependencies": [
            "aws_eip.eks_network_nat_gateway_a",
            "aws_eks_cluster.cluster",
            "aws_iam_role.cluster_role",
            "aws_iam_role.managed_workers",
            "aws_nat_gateway.eks_network_nat_gateway",
            "aws_security_group.control_plane",
            "aws_subnet.private",
            "aws_subnet.public",
            "aws_vpc.eks_network",
            "data.aws_subnets.private",
            "data.aws_subnets.public",
            "local_file.aws_auth_configmap"
          ]
        }
      ]
    }
  ],
  "check_results": []
}
